PODS:
  - Alamofire (4.5.0)
  - AlamofireImage (3.2.0):
    - Alamofire (~> 4.1)
  - SDWebImage (3.8.2):
    - SDWebImage/Core (= 3.8.2)
  - SDWebImage/Core (3.8.2)
  - UsefulExtensions (0.1.7)

DEPENDENCIES:
  - Alamofire (~> 4.0)
  - AlamofireImage
  - SDWebImage (~> 3.8)
  - UsefulExtensions

SPEC CHECKSUMS:
  Alamofire: f28cdffd29de33a7bfa022cbd63ae95a27fae140
  AlamofireImage: 157ed682cc81d3b9db4fb90c1f12180ac552d93b
  SDWebImage: 098e97e6176540799c27e804c96653ee0833d13c
  UsefulExtensions: 4cff78d199bc0122c4a66eb485cf1243522d1ba1

PODFILE CHECKSUM: 87844d96b60b3120a7b9bd7c13ac59c0aa904f7e

COCOAPODS: 1.1.1
