// !$*UTF8*$!
{
	archiveVersion = 1;
	classes = {
	};
	objectVersion = 46;
	objects = {

/* Begin PBXBuildFile section */
		3B0972E93A3A0E12A9BAA0C6 /* Pods_BackBone.framework in Frameworks */ = {isa = PBXBuildFile; fileRef = 19B15304E97A4078C974206D /* Pods_BackBone.framework */; };
		6A06F9941F669DB900AEC744 /* AuthHTTPNetworkTransport.swift in Sources */ = {isa = PBXBuildFile; fileRef = 6A06F9931F669DB900AEC744 /* AuthHTTPNetworkTransport.swift */; };
		6A06F9971F669FFD00AEC744 /* schema.json in Resources */ = {isa = PBXBuildFile; fileRef = 6A06F9961F669FFD00AEC744 /* schema.json */; };
		6A06F9991F66A03700AEC744 /* event.graphql in Resources */ = {isa = PBXBuildFile; fileRef = 6A06F9981F66A03700AEC744 /* event.graphql */; };
		6A06F99B1F66A19A00AEC744 /* API.swift in Sources */ = {isa = PBXBuildFile; fileRef = 6A06F99A1F66A19A00AEC744 /* API.swift */; };
		6A112DDE1F60279C00E95EB2 /* AppDelegate.swift in Sources */ = {isa = PBXBuildFile; fileRef = 6A112DDD1F60279C00E95EB2 /* AppDelegate.swift */; };
		6A112DE51F60279C00E95EB2 /* Assets.xcassets in Resources */ = {isa = PBXBuildFile; fileRef = 6A112DE41F60279C00E95EB2 /* Assets.xcassets */; };
		6A112DFC1F60282900E95EB2 /* Constants.swift in Sources */ = {isa = PBXBuildFile; fileRef = 6A112DF11F60282900E95EB2 /* Constants.swift */; };
		6A112DFD1F60282900E95EB2 /* LaunchScreen.storyboard in Resources */ = {isa = PBXBuildFile; fileRef = 6A112DF51F60282900E95EB2 /* LaunchScreen.storyboard */; };
		6A112DFE1F60282900E95EB2 /* Main.storyboard in Resources */ = {isa = PBXBuildFile; fileRef = 6A112DF61F60282900E95EB2 /* Main.storyboard */; };
		6A112E081F6060F700E95EB2 /* Theme.swift in Sources */ = {isa = PBXBuildFile; fileRef = 6A112E071F6060F700E95EB2 /* Theme.swift */; };
		6A112E141F60613F00E95EB2 /* ThemeButton.swift in Sources */ = {isa = PBXBuildFile; fileRef = 6A112E091F60613F00E95EB2 /* ThemeButton.swift */; };
		6A112E161F60613F00E95EB2 /* ThemeFramedTextField.swift in Sources */ = {isa = PBXBuildFile; fileRef = 6A112E0B1F60613F00E95EB2 /* ThemeFramedTextField.swift */; };
		6A112E171F60613F00E95EB2 /* ThemeImageView.swift in Sources */ = {isa = PBXBuildFile; fileRef = 6A112E0C1F60613F00E95EB2 /* ThemeImageView.swift */; };
		6A112E181F60613F00E95EB2 /* ThemeLabel.swift in Sources */ = {isa = PBXBuildFile; fileRef = 6A112E0D1F60613F00E95EB2 /* ThemeLabel.swift */; };
		6A112E191F60613F00E95EB2 /* ThemeSegmentedControl.swift in Sources */ = {isa = PBXBuildFile; fileRef = 6A112E0E1F60613F00E95EB2 /* ThemeSegmentedControl.swift */; };
		6A112E1A1F60613F00E95EB2 /* ThemeSegmentedControlScrollView.swift in Sources */ = {isa = PBXBuildFile; fileRef = 6A112E0F1F60613F00E95EB2 /* ThemeSegmentedControlScrollView.swift */; };
		6A112E1B1F60613F00E95EB2 /* ThemeTextField.swift in Sources */ = {isa = PBXBuildFile; fileRef = 6A112E101F60613F00E95EB2 /* ThemeTextField.swift */; };
		6A112E1C1F60613F00E95EB2 /* ThemeUIPageView.swift in Sources */ = {isa = PBXBuildFile; fileRef = 6A112E111F60613F00E95EB2 /* ThemeUIPageView.swift */; };
		6A112E1D1F60613F00E95EB2 /* ThemeUITextView.swift in Sources */ = {isa = PBXBuildFile; fileRef = 6A112E121F60613F00E95EB2 /* ThemeUITextView.swift */; };
		6A112E1E1F60613F00E95EB2 /* ThemeUIView.swift in Sources */ = {isa = PBXBuildFile; fileRef = 6A112E131F60613F00E95EB2 /* ThemeUIView.swift */; };
		6A5A98671F863366009445FA /* ErrorManager.swift in Sources */ = {isa = PBXBuildFile; fileRef = 6A5A98641F863366009445FA /* ErrorManager.swift */; };
		6A5A98681F863366009445FA /* LocalNotificationManager.swift in Sources */ = {isa = PBXBuildFile; fileRef = 6A5A98651F863366009445FA /* LocalNotificationManager.swift */; };
		6A5A98691F863366009445FA /* StoryboardManager.swift in Sources */ = {isa = PBXBuildFile; fileRef = 6A5A98661F863366009445FA /* StoryboardManager.swift */; };
		6A5A986B1F86336E009445FA /* BaseModel.swift in Sources */ = {isa = PBXBuildFile; fileRef = 6A5A986A1F86336E009445FA /* BaseModel.swift */; };
		6ABF13461F6155AD00D8B1F1 /* ClearNavigationViewController.swift in Sources */ = {isa = PBXBuildFile; fileRef = 6ABF133C1F6155AD00D8B1F1 /* ClearNavigationViewController.swift */; };
		6ABF13471F6155AD00D8B1F1 /* UIButtons.swift in Sources */ = {isa = PBXBuildFile; fileRef = 6ABF133D1F6155AD00D8B1F1 /* UIButtons.swift */; };
		6ABF13481F6155AD00D8B1F1 /* UICollectionViews.swift in Sources */ = {isa = PBXBuildFile; fileRef = 6ABF133E1F6155AD00D8B1F1 /* UICollectionViews.swift */; };
		6ABF13491F6155AD00D8B1F1 /* UIImageViews.swift in Sources */ = {isa = PBXBuildFile; fileRef = 6ABF133F1F6155AD00D8B1F1 /* UIImageViews.swift */; };
		6ABF134A1F6155AD00D8B1F1 /* UILabels.swift in Sources */ = {isa = PBXBuildFile; fileRef = 6ABF13401F6155AD00D8B1F1 /* UILabels.swift */; };
		6ABF134B1F6155AD00D8B1F1 /* UISegmentedControls.swift in Sources */ = {isa = PBXBuildFile; fileRef = 6ABF13411F6155AD00D8B1F1 /* UISegmentedControls.swift */; };
		6ABF134C1F6155AD00D8B1F1 /* UITableViews.swift in Sources */ = {isa = PBXBuildFile; fileRef = 6ABF13421F6155AD00D8B1F1 /* UITableViews.swift */; };
		6ABF134D1F6155AD00D8B1F1 /* UITextFields.swift in Sources */ = {isa = PBXBuildFile; fileRef = 6ABF13431F6155AD00D8B1F1 /* UITextFields.swift */; };
		6ABF134E1F6155AD00D8B1F1 /* UITextViews.swift in Sources */ = {isa = PBXBuildFile; fileRef = 6ABF13441F6155AD00D8B1F1 /* UITextViews.swift */; };
		6ABF134F1F6155AD00D8B1F1 /* UIViews.swift in Sources */ = {isa = PBXBuildFile; fileRef = 6ABF13451F6155AD00D8B1F1 /* UIViews.swift */; };
		6ABF13531F6157E400D8B1F1 /* ButtonWithImageView.swift in Sources */ = {isa = PBXBuildFile; fileRef = 6ABF13511F6157E400D8B1F1 /* ButtonWithImageView.swift */; };
		6ABF13541F6157E400D8B1F1 /* ButtonWithImageView.xib in Resources */ = {isa = PBXBuildFile; fileRef = 6ABF13521F6157E400D8B1F1 /* ButtonWithImageView.xib */; };
/* End PBXBuildFile section */

/* Begin PBXFileReference section */
		19B15304E97A4078C974206D /* Pods_BackBone.framework */ = {isa = PBXFileReference; explicitFileType = wrapper.framework; includeInIndex = 0; path = Pods_BackBone.framework; sourceTree = BUILT_PRODUCTS_DIR; };
		6585BF918993564936216651 /* Pods-BackBone.release.xcconfig */ = {isa = PBXFileReference; includeInIndex = 1; lastKnownFileType = text.xcconfig; name = "Pods-BackBone.release.xcconfig"; path = "Pods/Target Support Files/Pods-BackBone/Pods-BackBone.release.xcconfig"; sourceTree = "<group>"; };
		6A06F9931F669DB900AEC744 /* AuthHTTPNetworkTransport.swift */ = {isa = PBXFileReference; fileEncoding = 4; lastKnownFileType = sourcecode.swift; path = AuthHTTPNetworkTransport.swift; sourceTree = "<group>"; };
		6A06F9961F669FFD00AEC744 /* schema.json */ = {isa = PBXFileReference; fileEncoding = 4; lastKnownFileType = text.json; path = schema.json; sourceTree = "<group>"; };
		6A06F9981F66A03700AEC744 /* event.graphql */ = {isa = PBXFileReference; fileEncoding = 4; lastKnownFileType = text; path = event.graphql; sourceTree = "<group>"; };
		6A06F99A1F66A19A00AEC744 /* API.swift */ = {isa = PBXFileReference; fileEncoding = 4; lastKnownFileType = sourcecode.swift; path = API.swift; sourceTree = "<group>"; };
		6A112DDA1F60279C00E95EB2 /* BackBone.app */ = {isa = PBXFileReference; explicitFileType = wrapper.application; includeInIndex = 0; path = BackBone.app; sourceTree = BUILT_PRODUCTS_DIR; };
		6A112DDD1F60279C00E95EB2 /* AppDelegate.swift */ = {isa = PBXFileReference; lastKnownFileType = sourcecode.swift; path = AppDelegate.swift; sourceTree = "<group>"; };
		6A112DE41F60279C00E95EB2 /* Assets.xcassets */ = {isa = PBXFileReference; lastKnownFileType = folder.assetcatalog; path = Assets.xcassets; sourceTree = "<group>"; };
		6A112DE91F60279C00E95EB2 /* Info.plist */ = {isa = PBXFileReference; lastKnownFileType = text.plist.xml; path = Info.plist; sourceTree = "<group>"; };
		6A112DF11F60282900E95EB2 /* Constants.swift */ = {isa = PBXFileReference; fileEncoding = 4; lastKnownFileType = sourcecode.swift; path = Constants.swift; sourceTree = "<group>"; };
		6A112DF51F60282900E95EB2 /* LaunchScreen.storyboard */ = {isa = PBXFileReference; fileEncoding = 4; lastKnownFileType = file.storyboard; path = LaunchScreen.storyboard; sourceTree = "<group>"; };
		6A112DF61F60282900E95EB2 /* Main.storyboard */ = {isa = PBXFileReference; fileEncoding = 4; lastKnownFileType = file.storyboard; path = Main.storyboard; sourceTree = "<group>"; };
		6A112E071F6060F700E95EB2 /* Theme.swift */ = {isa = PBXFileReference; fileEncoding = 4; lastKnownFileType = sourcecode.swift; path = Theme.swift; sourceTree = "<group>"; };
		6A112E091F60613F00E95EB2 /* ThemeButton.swift */ = {isa = PBXFileReference; fileEncoding = 4; lastKnownFileType = sourcecode.swift; path = ThemeButton.swift; sourceTree = "<group>"; };
		6A112E0B1F60613F00E95EB2 /* ThemeFramedTextField.swift */ = {isa = PBXFileReference; fileEncoding = 4; lastKnownFileType = sourcecode.swift; path = ThemeFramedTextField.swift; sourceTree = "<group>"; };
		6A112E0C1F60613F00E95EB2 /* ThemeImageView.swift */ = {isa = PBXFileReference; fileEncoding = 4; lastKnownFileType = sourcecode.swift; path = ThemeImageView.swift; sourceTree = "<group>"; };
		6A112E0D1F60613F00E95EB2 /* ThemeLabel.swift */ = {isa = PBXFileReference; fileEncoding = 4; lastKnownFileType = sourcecode.swift; path = ThemeLabel.swift; sourceTree = "<group>"; };
		6A112E0E1F60613F00E95EB2 /* ThemeSegmentedControl.swift */ = {isa = PBXFileReference; fileEncoding = 4; lastKnownFileType = sourcecode.swift; path = ThemeSegmentedControl.swift; sourceTree = "<group>"; };
		6A112E0F1F60613F00E95EB2 /* ThemeSegmentedControlScrollView.swift */ = {isa = PBXFileReference; fileEncoding = 4; lastKnownFileType = sourcecode.swift; path = ThemeSegmentedControlScrollView.swift; sourceTree = "<group>"; };
		6A112E101F60613F00E95EB2 /* ThemeTextField.swift */ = {isa = PBXFileReference; fileEncoding = 4; lastKnownFileType = sourcecode.swift; path = ThemeTextField.swift; sourceTree = "<group>"; };
		6A112E111F60613F00E95EB2 /* ThemeUIPageView.swift */ = {isa = PBXFileReference; fileEncoding = 4; lastKnownFileType = sourcecode.swift; path = ThemeUIPageView.swift; sourceTree = "<group>"; };
		6A112E121F60613F00E95EB2 /* ThemeUITextView.swift */ = {isa = PBXFileReference; fileEncoding = 4; lastKnownFileType = sourcecode.swift; path = ThemeUITextView.swift; sourceTree = "<group>"; };
		6A112E131F60613F00E95EB2 /* ThemeUIView.swift */ = {isa = PBXFileReference; fileEncoding = 4; lastKnownFileType = sourcecode.swift; path = ThemeUIView.swift; sourceTree = "<group>"; };
		6A5A98641F863366009445FA /* ErrorManager.swift */ = {isa = PBXFileReference; fileEncoding = 4; lastKnownFileType = sourcecode.swift; path = ErrorManager.swift; sourceTree = "<group>"; };
		6A5A98651F863366009445FA /* LocalNotificationManager.swift */ = {isa = PBXFileReference; fileEncoding = 4; lastKnownFileType = sourcecode.swift; path = LocalNotificationManager.swift; sourceTree = "<group>"; };
		6A5A98661F863366009445FA /* StoryboardManager.swift */ = {isa = PBXFileReference; fileEncoding = 4; lastKnownFileType = sourcecode.swift; path = StoryboardManager.swift; sourceTree = "<group>"; };
		6A5A986A1F86336E009445FA /* BaseModel.swift */ = {isa = PBXFileReference; fileEncoding = 4; lastKnownFileType = sourcecode.swift; path = BaseModel.swift; sourceTree = "<group>"; };
		6ABF133C1F6155AD00D8B1F1 /* ClearNavigationViewController.swift */ = {isa = PBXFileReference; fileEncoding = 4; lastKnownFileType = sourcecode.swift; path = ClearNavigationViewController.swift; sourceTree = "<group>"; };
		6ABF133D1F6155AD00D8B1F1 /* UIButtons.swift */ = {isa = PBXFileReference; fileEncoding = 4; lastKnownFileType = sourcecode.swift; path = UIButtons.swift; sourceTree = "<group>"; };
		6ABF133E1F6155AD00D8B1F1 /* UICollectionViews.swift */ = {isa = PBXFileReference; fileEncoding = 4; lastKnownFileType = sourcecode.swift; path = UICollectionViews.swift; sourceTree = "<group>"; };
		6ABF133F1F6155AD00D8B1F1 /* UIImageViews.swift */ = {isa = PBXFileReference; fileEncoding = 4; lastKnownFileType = sourcecode.swift; path = UIImageViews.swift; sourceTree = "<group>"; };
		6ABF13401F6155AD00D8B1F1 /* UILabels.swift */ = {isa = PBXFileReference; fileEncoding = 4; lastKnownFileType = sourcecode.swift; path = UILabels.swift; sourceTree = "<group>"; };
		6ABF13411F6155AD00D8B1F1 /* UISegmentedControls.swift */ = {isa = PBXFileReference; fileEncoding = 4; lastKnownFileType = sourcecode.swift; path = UISegmentedControls.swift; sourceTree = "<group>"; };
		6ABF13421F6155AD00D8B1F1 /* UITableViews.swift */ = {isa = PBXFileReference; fileEncoding = 4; lastKnownFileType = sourcecode.swift; path = UITableViews.swift; sourceTree = "<group>"; };
		6ABF13431F6155AD00D8B1F1 /* UITextFields.swift */ = {isa = PBXFileReference; fileEncoding = 4; lastKnownFileType = sourcecode.swift; path = UITextFields.swift; sourceTree = "<group>"; };
		6ABF13441F6155AD00D8B1F1 /* UITextViews.swift */ = {isa = PBXFileReference; fileEncoding = 4; lastKnownFileType = sourcecode.swift; path = UITextViews.swift; sourceTree = "<group>"; };
		6ABF13451F6155AD00D8B1F1 /* UIViews.swift */ = {isa = PBXFileReference; fileEncoding = 4; lastKnownFileType = sourcecode.swift; path = UIViews.swift; sourceTree = "<group>"; };
		6ABF13511F6157E400D8B1F1 /* ButtonWithImageView.swift */ = {isa = PBXFileReference; fileEncoding = 4; lastKnownFileType = sourcecode.swift; path = ButtonWithImageView.swift; sourceTree = "<group>"; };
		6ABF13521F6157E400D8B1F1 /* ButtonWithImageView.xib */ = {isa = PBXFileReference; fileEncoding = 4; lastKnownFileType = file.xib; path = ButtonWithImageView.xib; sourceTree = "<group>"; };
		8F30E117350A14BE4B07ACD7 /* Pods-BackBone.debug.xcconfig */ = {isa = PBXFileReference; includeInIndex = 1; lastKnownFileType = text.xcconfig; name = "Pods-BackBone.debug.xcconfig"; path = "Pods/Target Support Files/Pods-BackBone/Pods-BackBone.debug.xcconfig"; sourceTree = "<group>"; };
/* End PBXFileReference section */

/* Begin PBXFrameworksBuildPhase section */
		6A112DD71F60279C00E95EB2 /* Frameworks */ = {
			isa = PBXFrameworksBuildPhase;
			buildActionMask = 2147483647;
			files = (
				3B0972E93A3A0E12A9BAA0C6 /* Pods_BackBone.framework in Frameworks */,
			);
			runOnlyForDeploymentPostprocessing = 0;
		};
/* End PBXFrameworksBuildPhase section */

/* Begin PBXGroup section */
		6A112DD11F60279C00E95EB2 = {
			isa = PBXGroup;
			children = (
				6A112DDC1F60279C00E95EB2 /* BackBone */,
				6A112DDB1F60279C00E95EB2 /* Products */,
				FA4B7D46CC3C2081FC874D53 /* Pods */,
				E90F5AC1E74D9C5056197019 /* Frameworks */,
			);
			sourceTree = "<group>";
		};
		6A112DDB1F60279C00E95EB2 /* Products */ = {
			isa = PBXGroup;
			children = (
				6A112DDA1F60279C00E95EB2 /* BackBone.app */,
			);
			name = Products;
			sourceTree = "<group>";
		};
		6A112DDC1F60279C00E95EB2 /* BackBone */ = {
			isa = PBXGroup;
			children = (
				6ABF13501F6157E400D8B1F1 /* Custom Views */,
				6A112DEF1F60282900E95EB2 /* API */,
				6A112DDD1F60279C00E95EB2 /* AppDelegate.swift */,
				6A112DE41F60279C00E95EB2 /* Assets.xcassets */,
				6A112DE91F60279C00E95EB2 /* Info.plist */,
				6A112DF01F60282900E95EB2 /* Managers */,
				6A112DF21F60282900E95EB2 /* Models */,
				6A112DF31F60282900E95EB2 /* Protocols */,
				6A112DF41F60282900E95EB2 /* Storyboards */,
				6ABF133B1F6155AD00D8B1F1 /* Subclasses */,
				6A112DF81F60282900E95EB2 /* Themes */,
				6A112DF91F60282900E95EB2 /* TypeAliases */,
				6A112DFA1F60282900E95EB2 /* UITableViewCells */,
				6A112DFB1F60282900E95EB2 /* UIViewControllers */,
			);
			path = BackBone;
			sourceTree = "<group>";
		};
		6A112DEF1F60282900E95EB2 /* API */ = {
			isa = PBXGroup;
			children = (
				6A06F99A1F66A19A00AEC744 /* API.swift */,
				6A06F9981F66A03700AEC744 /* event.graphql */,
				6A06F9961F669FFD00AEC744 /* schema.json */,
				6A06F9931F669DB900AEC744 /* AuthHTTPNetworkTransport.swift */,
			);
			path = API;
			sourceTree = "<group>";
		};
		6A112DF01F60282900E95EB2 /* Managers */ = {
			isa = PBXGroup;
			children = (
				6A5A98641F863366009445FA /* ErrorManager.swift */,
				6A5A98651F863366009445FA /* LocalNotificationManager.swift */,
				6A5A98661F863366009445FA /* StoryboardManager.swift */,
				6A112DF11F60282900E95EB2 /* Constants.swift */,
			);
			path = Managers;
			sourceTree = "<group>";
		};
		6A112DF21F60282900E95EB2 /* Models */ = {
			isa = PBXGroup;
			children = (
				6A5A986A1F86336E009445FA /* BaseModel.swift */,
			);
			path = Models;
			sourceTree = "<group>";
		};
		6A112DF31F60282900E95EB2 /* Protocols */ = {
			isa = PBXGroup;
			children = (
			);
			path = Protocols;
			sourceTree = "<group>";
		};
		6A112DF41F60282900E95EB2 /* Storyboards */ = {
			isa = PBXGroup;
			children = (
				6A112DF51F60282900E95EB2 /* LaunchScreen.storyboard */,
				6A112DF61F60282900E95EB2 /* Main.storyboard */,
			);
			path = Storyboards;
			sourceTree = "<group>";
		};
		6A112DF81F60282900E95EB2 /* Themes */ = {
			isa = PBXGroup;
			children = (
				6A112E071F6060F700E95EB2 /* Theme.swift */,
				6A112E091F60613F00E95EB2 /* ThemeButton.swift */,
				6A112E0B1F60613F00E95EB2 /* ThemeFramedTextField.swift */,
				6A112E0C1F60613F00E95EB2 /* ThemeImageView.swift */,
				6A112E0D1F60613F00E95EB2 /* ThemeLabel.swift */,
				6A112E0E1F60613F00E95EB2 /* ThemeSegmentedControl.swift */,
				6A112E0F1F60613F00E95EB2 /* ThemeSegmentedControlScrollView.swift */,
				6A112E101F60613F00E95EB2 /* ThemeTextField.swift */,
				6A112E111F60613F00E95EB2 /* ThemeUIPageView.swift */,
				6A112E121F60613F00E95EB2 /* ThemeUITextView.swift */,
				6A112E131F60613F00E95EB2 /* ThemeUIView.swift */,
			);
			path = Themes;
			sourceTree = "<group>";
		};
		6A112DF91F60282900E95EB2 /* TypeAliases */ = {
			isa = PBXGroup;
			children = (
			);
			path = TypeAliases;
			sourceTree = "<group>";
		};
		6A112DFA1F60282900E95EB2 /* UITableViewCells */ = {
			isa = PBXGroup;
			children = (
			);
			path = UITableViewCells;
			sourceTree = "<group>";
		};
		6A112DFB1F60282900E95EB2 /* UIViewControllers */ = {
			isa = PBXGroup;
			children = (
			);
			path = UIViewControllers;
			sourceTree = "<group>";
		};
		6ABF133B1F6155AD00D8B1F1 /* Subclasses */ = {
			isa = PBXGroup;
			children = (
				6ABF133C1F6155AD00D8B1F1 /* ClearNavigationViewController.swift */,
				6ABF133D1F6155AD00D8B1F1 /* UIButtons.swift */,
				6ABF133E1F6155AD00D8B1F1 /* UICollectionViews.swift */,
				6ABF133F1F6155AD00D8B1F1 /* UIImageViews.swift */,
				6ABF13401F6155AD00D8B1F1 /* UILabels.swift */,
				6ABF13411F6155AD00D8B1F1 /* UISegmentedControls.swift */,
				6ABF13421F6155AD00D8B1F1 /* UITableViews.swift */,
				6ABF13431F6155AD00D8B1F1 /* UITextFields.swift */,
				6ABF13441F6155AD00D8B1F1 /* UITextViews.swift */,
				6ABF13451F6155AD00D8B1F1 /* UIViews.swift */,
			);
			path = Subclasses;
			sourceTree = "<group>";
		};
		6ABF13501F6157E400D8B1F1 /* Custom Views */ = {
			isa = PBXGroup;
			children = (
				6ABF13511F6157E400D8B1F1 /* ButtonWithImageView.swift */,
				6ABF13521F6157E400D8B1F1 /* ButtonWithImageView.xib */,
			);
			path = "Custom Views";
			sourceTree = "<group>";
		};
		E90F5AC1E74D9C5056197019 /* Frameworks */ = {
			isa = PBXGroup;
			children = (
				19B15304E97A4078C974206D /* Pods_BackBone.framework */,
			);
			name = Frameworks;
			sourceTree = "<group>";
		};
		FA4B7D46CC3C2081FC874D53 /* Pods */ = {
			isa = PBXGroup;
			children = (
				8F30E117350A14BE4B07ACD7 /* Pods-BackBone.debug.xcconfig */,
				6585BF918993564936216651 /* Pods-BackBone.release.xcconfig */,
			);
			name = Pods;
			sourceTree = "<group>";
		};
/* End PBXGroup section */

/* Begin PBXNativeTarget section */
		6A112DD91F60279C00E95EB2 /* BackBone */ = {
			isa = PBXNativeTarget;
			buildConfigurationList = 6A112DEC1F60279C00E95EB2 /* Build configuration list for PBXNativeTarget "BackBone" */;
			buildPhases = (
				60206F62E46B3D575A014BC2 /* [CP] Check Pods Manifest.lock */,
				6A06F9951F669E7B00AEC744 /* Generate Apollo GraphQL API */,
				6A112DD61F60279C00E95EB2 /* Sources */,
				6A112DD71F60279C00E95EB2 /* Frameworks */,
				6A112DD81F60279C00E95EB2 /* Resources */,
				D106E75ED69E95AFF56AB129 /* [CP] Embed Pods Frameworks */,
				5E8E56447EF577B62725869C /* [CP] Copy Pods Resources */,
			);
			buildRules = (
			);
			dependencies = (
			);
			name = BackBone;
			productName = BackBone;
			productReference = 6A112DDA1F60279C00E95EB2 /* BackBone.app */;
			productType = "com.apple.product-type.application";
		};
/* End PBXNativeTarget section */

/* Begin PBXProject section */
		6A112DD21F60279C00E95EB2 /* Project object */ = {
			isa = PBXProject;
			attributes = {
				LastSwiftUpdateCheck = 0830;
				LastUpgradeCheck = 0830;
				ORGANIZATIONNAME = "Andrea Bellotto";
				TargetAttributes = {
					6A112DD91F60279C00E95EB2 = {
						CreatedOnToolsVersion = 8.3.3;
						DevelopmentTeam = 7HYFV63G2Y;
						ProvisioningStyle = Automatic;
					};
				};
			};
			buildConfigurationList = 6A112DD51F60279C00E95EB2 /* Build configuration list for PBXProject "BackBone" */;
			compatibilityVersion = "Xcode 3.2";
			developmentRegion = English;
			hasScannedForEncodings = 0;
			knownRegions = (
				en,
				Base,
			);
			mainGroup = 6A112DD11F60279C00E95EB2;
			productRefGroup = 6A112DDB1F60279C00E95EB2 /* Products */;
			projectDirPath = "";
			projectRoot = "";
			targets = (
				6A112DD91F60279C00E95EB2 /* BackBone */,
			);
		};
/* End PBXProject section */

/* Begin PBXResourcesBuildPhase section */
		6A112DD81F60279C00E95EB2 /* Resources */ = {
			isa = PBXResourcesBuildPhase;
			buildActionMask = 2147483647;
			files = (
				6A112DFE1F60282900E95EB2 /* Main.storyboard in Resources */,
				6A06F9971F669FFD00AEC744 /* schema.json in Resources */,
				6A112DE51F60279C00E95EB2 /* Assets.xcassets in Resources */,
				6ABF13541F6157E400D8B1F1 /* ButtonWithImageView.xib in Resources */,
				6A06F9991F66A03700AEC744 /* event.graphql in Resources */,
				6A112DFD1F60282900E95EB2 /* LaunchScreen.storyboard in Resources */,
			);
			runOnlyForDeploymentPostprocessing = 0;
		};
/* End PBXResourcesBuildPhase section */

/* Begin PBXShellScriptBuildPhase section */
		5E8E56447EF577B62725869C /* [CP] Copy Pods Resources */ = {
			isa = PBXShellScriptBuildPhase;
			buildActionMask = 2147483647;
			files = (
			);
			inputPaths = (
			);
			name = "[CP] Copy Pods Resources";
			outputPaths = (
			);
			runOnlyForDeploymentPostprocessing = 0;
			shellPath = /bin/sh;
			shellScript = "\"${SRCROOT}/Pods/Target Support Files/Pods-BackBone/Pods-BackBone-resources.sh\"\n";
			showEnvVarsInLog = 0;
		};
		60206F62E46B3D575A014BC2 /* [CP] Check Pods Manifest.lock */ = {
			isa = PBXShellScriptBuildPhase;
			buildActionMask = 2147483647;
			files = (
			);
			inputPaths = (
			);
			name = "[CP] Check Pods Manifest.lock";
			outputPaths = (
			);
			runOnlyForDeploymentPostprocessing = 0;
			shellPath = /bin/sh;
			shellScript = "diff \"${PODS_ROOT}/../Podfile.lock\" \"${PODS_ROOT}/Manifest.lock\" > /dev/null\nif [ $? != 0 ] ; then\n    # print error to STDERR\n    echo \"error: The sandbox is not in sync with the Podfile.lock. Run 'pod install' or update your CocoaPods installation.\" >&2\n    exit 1\nfi\n";
			showEnvVarsInLog = 0;
		};
		6A06F9951F669E7B00AEC744 /* Generate Apollo GraphQL API */ = {
			isa = PBXShellScriptBuildPhase;
			buildActionMask = 2147483647;
			files = (
			);
			inputPaths = (
			);
			name = "Generate Apollo GraphQL API";
			outputPaths = (
			);
			runOnlyForDeploymentPostprocessing = 0;
			shellPath = /bin/sh;
			shellScript = "APOLLO_FRAMEWORK_PATH=\"$(eval find $FRAMEWORK_SEARCH_PATHS -name \"Apollo.framework\" -maxdepth 1)\"\n\nif [ -z \"$APOLLO_FRAMEWORK_PATH\" ]; then\necho \"error: Couldn't find Apollo.framework in FRAMEWORK_SEARCH_PATHS; make sure to add the framework to your project.\"\nexit 1\nfi\n\ncd \"${SRCROOT}/${TARGET_NAME}/API\"\n$APOLLO_FRAMEWORK_PATH/check-and-run-apollo-codegen.sh generate $(find . -name '*.graphql') --schema schema.json --output API.swift";
		};
		D106E75ED69E95AFF56AB129 /* [CP] Embed Pods Frameworks */ = {
			isa = PBXShellScriptBuildPhase;
			buildActionMask = 2147483647;
			files = (
			);
			inputPaths = (
			);
			name = "[CP] Embed Pods Frameworks";
			outputPaths = (
			);
			runOnlyForDeploymentPostprocessing = 0;
			shellPath = /bin/sh;
			shellScript = "\"${SRCROOT}/Pods/Target Support Files/Pods-BackBone/Pods-BackBone-frameworks.sh\"\n";
			showEnvVarsInLog = 0;
		};
/* End PBXShellScriptBuildPhase section */

/* Begin PBXSourcesBuildPhase section */
		6A112DD61F60279C00E95EB2 /* Sources */ = {
			isa = PBXSourcesBuildPhase;
			buildActionMask = 2147483647;
			files = (
				6ABF13481F6155AD00D8B1F1 /* UICollectionViews.swift in Sources */,
				6A112E1C1F60613F00E95EB2 /* ThemeUIPageView.swift in Sources */,
				6A5A986B1F86336E009445FA /* BaseModel.swift in Sources */,
				6ABF134B1F6155AD00D8B1F1 /* UISegmentedControls.swift in Sources */,
				6A112E171F60613F00E95EB2 /* ThemeImageView.swift in Sources */,
				6ABF134F1F6155AD00D8B1F1 /* UIViews.swift in Sources */,
				6A112E081F6060F700E95EB2 /* Theme.swift in Sources */,
				6A06F99B1F66A19A00AEC744 /* API.swift in Sources */,
				6A112E1E1F60613F00E95EB2 /* ThemeUIView.swift in Sources */,
				6A112E161F60613F00E95EB2 /* ThemeFramedTextField.swift in Sources */,
				6A5A98691F863366009445FA /* StoryboardManager.swift in Sources */,
				6A112DDE1F60279C00E95EB2 /* AppDelegate.swift in Sources */,
				6A06F9941F669DB900AEC744 /* AuthHTTPNetworkTransport.swift in Sources */,
				6A112DFC1F60282900E95EB2 /* Constants.swift in Sources */,
				6ABF13471F6155AD00D8B1F1 /* UIButtons.swift in Sources */,
				6A112E1A1F60613F00E95EB2 /* ThemeSegmentedControlScrollView.swift in Sources */,
				6A112E181F60613F00E95EB2 /* ThemeLabel.swift in Sources */,
				6ABF134C1F6155AD00D8B1F1 /* UITableViews.swift in Sources */,
				6A5A98671F863366009445FA /* ErrorManager.swift in Sources */,
				6ABF134A1F6155AD00D8B1F1 /* UILabels.swift in Sources */,
				6A5A98681F863366009445FA /* LocalNotificationManager.swift in Sources */,
				6ABF13461F6155AD00D8B1F1 /* ClearNavigationViewController.swift in Sources */,
				6A112E191F60613F00E95EB2 /* ThemeSegmentedControl.swift in Sources */,
				6A112E141F60613F00E95EB2 /* ThemeButton.swift in Sources */,
				6ABF13531F6157E400D8B1F1 /* ButtonWithImageView.swift in Sources */,
				6A112E1B1F60613F00E95EB2 /* ThemeTextField.swift in Sources */,
				6ABF134D1F6155AD00D8B1F1 /* UITextFields.swift in Sources */,
				6ABF134E1F6155AD00D8B1F1 /* UITextViews.swift in Sources */,
				6ABF13491F6155AD00D8B1F1 /* UIImageViews.swift in Sources */,
				6A112E1D1F60613F00E95EB2 /* ThemeUITextView.swift in Sources */,
			);
			runOnlyForDeploymentPostprocessing = 0;
		};
/* End PBXSourcesBuildPhase section */

/* Begin XCBuildConfiguration section */
		6A112DEA1F60279C00E95EB2 /* Debug */ = {
			isa = XCBuildConfiguration;
			buildSettings = {
				ALWAYS_SEARCH_USER_PATHS = NO;
				CLANG_ANALYZER_NONNULL = YES;
				CLANG_ANALYZER_NUMBER_OBJECT_CONVERSION = YES_AGGRESSIVE;
				CLANG_CXX_LANGUAGE_STANDARD = "gnu++0x";
				CLANG_CXX_LIBRARY = "libc++";
				CLANG_ENABLE_MODULES = YES;
				CLANG_ENABLE_OBJC_ARC = YES;
				CLANG_WARN_BOOL_CONVERSION = YES;
				CLANG_WARN_CONSTANT_CONVERSION = YES;
				CLANG_WARN_DIRECT_OBJC_ISA_USAGE = YES_ERROR;
				CLANG_WARN_DOCUMENTATION_COMMENTS = YES;
				CLANG_WARN_EMPTY_BODY = YES;
				CLANG_WARN_ENUM_CONVERSION = YES;
				CLANG_WARN_INFINITE_RECURSION = YES;
				CLANG_WARN_INT_CONVERSION = YES;
				CLANG_WARN_OBJC_ROOT_CLASS = YES_ERROR;
				CLANG_WARN_SUSPICIOUS_MOVE = YES;
				CLANG_WARN_UNREACHABLE_CODE = YES;
				CLANG_WARN__DUPLICATE_METHOD_MATCH = YES;
				"CODE_SIGN_IDENTITY[sdk=iphoneos*]" = "iPhone Developer";
				COPY_PHASE_STRIP = NO;
				DEBUG_INFORMATION_FORMAT = dwarf;
				ENABLE_STRICT_OBJC_MSGSEND = YES;
				ENABLE_TESTABILITY = YES;
				GCC_C_LANGUAGE_STANDARD = gnu99;
				GCC_DYNAMIC_NO_PIC = NO;
				GCC_NO_COMMON_BLOCKS = YES;
				GCC_OPTIMIZATION_LEVEL = 0;
				GCC_PREPROCESSOR_DEFINITIONS = (
					"DEBUG=1",
					"$(inherited)",
				);
				GCC_WARN_64_TO_32_BIT_CONVERSION = YES;
				GCC_WARN_ABOUT_RETURN_TYPE = YES_ERROR;
				GCC_WARN_UNDECLARED_SELECTOR = YES;
				GCC_WARN_UNINITIALIZED_AUTOS = YES_AGGRESSIVE;
				GCC_WARN_UNUSED_FUNCTION = YES;
				GCC_WARN_UNUSED_VARIABLE = YES;
				IPHONEOS_DEPLOYMENT_TARGET = 10.3;
				MTL_ENABLE_DEBUG_INFO = YES;
				ONLY_ACTIVE_ARCH = YES;
				SDKROOT = iphoneos;
				SWIFT_ACTIVE_COMPILATION_CONDITIONS = DEBUG;
				SWIFT_OPTIMIZATION_LEVEL = "-Onone";
			};
			name = Debug;
		};
		6A112DEB1F60279C00E95EB2 /* Release */ = {
			isa = XCBuildConfiguration;
			buildSettings = {
				ALWAYS_SEARCH_USER_PATHS = NO;
				CLANG_ANALYZER_NONNULL = YES;
				CLANG_ANALYZER_NUMBER_OBJECT_CONVERSION = YES_AGGRESSIVE;
				CLANG_CXX_LANGUAGE_STANDARD = "gnu++0x";
				CLANG_CXX_LIBRARY = "libc++";
				CLANG_ENABLE_MODULES = YES;
				CLANG_ENABLE_OBJC_ARC = YES;
				CLANG_WARN_BOOL_CONVERSION = YES;
				CLANG_WARN_CONSTANT_CONVERSION = YES;
				CLANG_WARN_DIRECT_OBJC_ISA_USAGE = YES_ERROR;
				CLANG_WARN_DOCUMENTATION_COMMENTS = YES;
				CLANG_WARN_EMPTY_BODY = YES;
				CLANG_WARN_ENUM_CONVERSION = YES;
				CLANG_WARN_INFINITE_RECURSION = YES;
				CLANG_WARN_INT_CONVERSION = YES;
				CLANG_WARN_OBJC_ROOT_CLASS = YES_ERROR;
				CLANG_WARN_SUSPICIOUS_MOVE = YES;
				CLANG_WARN_UNREACHABLE_CODE = YES;
				CLANG_WARN__DUPLICATE_METHOD_MATCH = YES;
				"CODE_SIGN_IDENTITY[sdk=iphoneos*]" = "iPhone Developer";
				COPY_PHASE_STRIP = NO;
				DEBUG_INFORMATION_FORMAT = "dwarf-with-dsym";
				ENABLE_NS_ASSERTIONS = NO;
				ENABLE_STRICT_OBJC_MSGSEND = YES;
				GCC_C_LANGUAGE_STANDARD = gnu99;
				GCC_NO_COMMON_BLOCKS = YES;
				GCC_WARN_64_TO_32_BIT_CONVERSION = YES;
				GCC_WARN_ABOUT_RETURN_TYPE = YES_ERROR;
				GCC_WARN_UNDECLARED_SELECTOR = YES;
				GCC_WARN_UNINITIALIZED_AUTOS = YES_AGGRESSIVE;
				GCC_WARN_UNUSED_FUNCTION = YES;
				GCC_WARN_UNUSED_VARIABLE = YES;
				IPHONEOS_DEPLOYMENT_TARGET = 10.3;
				MTL_ENABLE_DEBUG_INFO = NO;
				SDKROOT = iphoneos;
				SWIFT_OPTIMIZATION_LEVEL = "-Owholemodule";
				VALIDATE_PRODUCT = YES;
			};
			name = Release;
		};
		6A112DED1F60279C00E95EB2 /* Debug */ = {
			isa = XCBuildConfiguration;
			baseConfigurationReference = 8F30E117350A14BE4B07ACD7 /* Pods-BackBone.debug.xcconfig */;
			buildSettings = {
				ASSETCATALOG_COMPILER_APPICON_NAME = AppIcon;
				DEVELOPMENT_TEAM = 7HYFV63G2Y;
				INFOPLIST_FILE = BackBone/Info.plist;
				LD_RUNPATH_SEARCH_PATHS = "$(inherited) @executable_path/Frameworks";
				PRODUCT_BUNDLE_IDENTIFIER = com.bellots.BackBone;
				PRODUCT_NAME = "$(TARGET_NAME)";
				SWIFT_VERSION = 3.0;
			};
			name = Debug;
		};
		6A112DEE1F60279C00E95EB2 /* Release */ = {
			isa = XCBuildConfiguration;
			baseConfigurationReference = 6585BF918993564936216651 /* Pods-BackBone.release.xcconfig */;
			buildSettings = {
				ASSETCATALOG_COMPILER_APPICON_NAME = AppIcon;
				DEVELOPMENT_TEAM = 7HYFV63G2Y;
				INFOPLIST_FILE = BackBone/Info.plist;
				LD_RUNPATH_SEARCH_PATHS = "$(inherited) @executable_path/Frameworks";
				PRODUCT_BUNDLE_IDENTIFIER = com.bellots.BackBone;
				PRODUCT_NAME = "$(TARGET_NAME)";
				SWIFT_VERSION = 3.0;
			};
			name = Release;
		};
/* End XCBuildConfiguration section */

/* Begin XCConfigurationList section */
		6A112DD51F60279C00E95EB2 /* Build configuration list for PBXProject "BackBone" */ = {
			isa = XCConfigurationList;
			buildConfigurations = (
				6A112DEA1F60279C00E95EB2 /* Debug */,
				6A112DEB1F60279C00E95EB2 /* Release */,
			);
			defaultConfigurationIsVisible = 0;
			defaultConfigurationName = Release;
		};
		6A112DEC1F60279C00E95EB2 /* Build configuration list for PBXNativeTarget "BackBone" */ = {
			isa = XCConfigurationList;
			buildConfigurations = (
				6A112DED1F60279C00E95EB2 /* Debug */,
				6A112DEE1F60279C00E95EB2 /* Release */,
			);
			defaultConfigurationIsVisible = 0;
			defaultConfigurationName = Release;
		};
/* End XCConfigurationList section */
	};
	rootObject = 6A112DD21F60279C00E95EB2 /* Project object */;
}
